# This file is automatically @generated by Cargo.
# It is not intended for manual editing.
version = 3

[[package]]
name = "ayaya"
version = "0.1.1"
dependencies = [
 "fltk",
 "rosc",
]

[[package]]
name = "bitflags"
version = "1.3.2"
source = "registry+https://github.com/rust-lang/crates.io-index"
checksum = "bef38d45163c2f1dde094a7dfd33ccf595c92905c8f8f4fdc18d06fb1037718a"

[[package]]
name = "byteorder"
version = "1.4.3"
source = "registry+https://github.com/rust-lang/crates.io-index"
checksum = "14c189c53d098945499cdfa7ecc63567cf3886b3332b312a5b4585d8d3a6a610"

[[package]]
name = "cc"
version = "1.0.70"
source = "registry+https://github.com/rust-lang/crates.io-index"
checksum = "d26a6ce4b6a484fa3edb70f7efa6fc430fd2b87285fe8b84304fd0936faa0dc0"

[[package]]
name = "cmake"
version = "0.1.45"
source = "registry+https://github.com/rust-lang/crates.io-index"
checksum = "eb6210b637171dfba4cda12e579ac6dc73f5165ad56133e5d72ef3131f320855"
dependencies = [
 "cc",
]

[[package]]
name = "fltk"
version = "1.2.18"
source = "registry+https://github.com/rust-lang/crates.io-index"
checksum = "bdd28da73770760dc005fcdb749b45331c7637d4c1f042054c567c98863790fe"
dependencies = [
 "bitflags",
 "fltk-sys",
 "paste",
]

[[package]]
name = "fltk-sys"
version = "1.2.18"
source = "registry+https://github.com/rust-lang/crates.io-index"
checksum = "6818e7d90bac21472f79908e358390552755684bfce9332ae08db0f9415418ac"
dependencies = [
 "cmake",
]

[[package]]
name = "paste"
version = "1.0.5"
source = "registry+https://github.com/rust-lang/crates.io-index"
checksum = "acbf547ad0c65e31259204bd90935776d1c693cec2f4ff7abb7a1bbbd40dfe58"

[[package]]
name = "rosc"
version = "0.5.2"
source = "registry+https://github.com/rust-lang/crates.io-index"
checksum = "c2ca359b640ca8ef191ad8a56dd897fc46a7c733ea7b360085891cc7a70effdc"
dependencies = [
 "byteorder",
]
